
Microsoft Visual Studio Solution File, Format Version 12.00
# Visual Studio 15
VisualStudioVersion = 15.0.28307.421
MinimumVisualStudioVersion = 10.0.40219.1
Project("{9A19103F-16F7-4668-BE54-9A1E7A4F7556}") = "ExceptionHandler.API", "ExceptionHandler.API\ExceptionHandler.API.csproj", "{E4600799-0B62-421B-86D4-76B88096F674}"
EndProject
Project("{FAE04EC0-301F-11D3-BF4B-00C04F79EFBC}") = "ExceptionHandler.DataAccess", "ExceptionHandler.DataAccess\ExceptionHandler.DataAccess.csproj", "{CCD5D208-469D-4F73-AC04-980B7400E0E7}"
EndProject
Global
	GlobalSection(SolutionConfigurationPlatforms) = preSolution
		Debug|Any CPU = Debug|Any CPU
		Release|Any CPU = Release|Any CPU
		TFSBuild|Any CPU = TFSBuild|Any CPU
	EndGlobalSection
	GlobalSection(ProjectConfigurationPlatforms) = postSolution
		{E4600799-0B62-421B-86D4-76B88096F674}.Debug|Any CPU.ActiveCfg = Debug|Any CPU
		{E4600799-0B62-421B-86D4-76B88096F674}.Debug|Any CPU.Build.0 = Debug|Any CPU
		{E4600799-0B62-421B-86D4-76B88096F674}.Release|Any CPU.ActiveCfg = Release|Any CPU
		{E4600799-0B62-421B-86D4-76B88096F674}.Release|Any CPU.Build.0 = Release|Any CPU
		{E4600799-0B62-421B-86D4-76B88096F674}.TFSBuild|Any CPU.ActiveCfg = Debug|Any CPU
		{E4600799-0B62-421B-86D4-76B88096F674}.TFSBuild|Any CPU.Build.0 = Debug|Any CPU
		{CCD5D208-469D-4F73-AC04-980B7400E0E7}.Debug|Any CPU.ActiveCfg = Debug|Any CPU
		{CCD5D208-469D-4F73-AC04-980B7400E0E7}.Debug|Any CPU.Build.0 = Debug|Any CPU
		{CCD5D208-469D-4F73-AC04-980B7400E0E7}.Release|Any CPU.ActiveCfg = Release|Any CPU
		{CCD5D208-469D-4F73-AC04-980B7400E0E7}.Release|Any CPU.Build.0 = Release|Any CPU
		{CCD5D208-469D-4F73-AC04-980B7400E0E7}.TFSBuild|Any CPU.ActiveCfg = TFSBuild|Any CPU
		{CCD5D208-469D-4F73-AC04-980B7400E0E7}.TFSBuild|Any CPU.Build.0 = TFSBuild|Any CPU
	EndGlobalSection
	GlobalSection(SolutionProperties) = preSolution
		HideSolutionNode = FALSE
	EndGlobalSection
	GlobalSection(ExtensibilityGlobals) = postSolution
		SolutionGuid = {795AAC62-2A98-4917-ADDE-008A0C9ED52C}
	EndGlobalSection
EndGlobal
